
Microsoft Visual Studio Solution File, Format Version 12.00
# Visual Studio Version 17
VisualStudioVersion = 17.14.35906.104
MinimumVisualStudioVersion = 10.0.40219.1
Project("{FAE04EC0-301F-11D3-BF4B-00C04F79EFBC}") = "AIDreamer_Bot_04", "AIDreamer_Bot_04\AIDreamer_Bot_04\AIDreamer_Bot_04.csproj", "{02E2F476-FE06-402E-AB52-E2C81EDD3F17}"
EndProject
Project("{FAE04EC0-301F-11D3-BF4B-00C04F79EFBC}") = "AIDreamer_Bot_04.Tests", "AIDreamer_Bot_04\AIDreamer_Bot_04.Tests\AIDreamer_Bot_04.Tests.csproj", "{CE855400-FA93-475F-831C-EA35DE9B76C3}"
EndProject
Project("{A9E3F50B-275E-4AF7-ADCE-8BE12D41E305}") = "TeamsApp", "TeamsApp\TeamsApp.ttkproj", "{3DF7DBBF-6757-C96E-D6EC-3928332DA9E0}"
EndProject
Global
	GlobalSection(SolutionConfigurationPlatforms) = preSolution
		Debug|Any CPU = Debug|Any CPU
		Release|Any CPU = Release|Any CPU
	EndGlobalSection
	GlobalSection(ProjectConfigurationPlatforms) = postSolution
		{02E2F476-FE06-402E-AB52-E2C81EDD3F17}.Debug|Any CPU.ActiveCfg = Debug|Any CPU
		{02E2F476-FE06-402E-AB52-E2C81EDD3F17}.Debug|Any CPU.Build.0 = Debug|Any CPU
		{02E2F476-FE06-402E-AB52-E2C81EDD3F17}.Release|Any CPU.ActiveCfg = Release|Any CPU
		{02E2F476-FE06-402E-AB52-E2C81EDD3F17}.Release|Any CPU.Build.0 = Release|Any CPU
		{CE855400-FA93-475F-831C-EA35DE9B76C3}.Debug|Any CPU.ActiveCfg = Debug|Any CPU
		{CE855400-FA93-475F-831C-EA35DE9B76C3}.Debug|Any CPU.Build.0 = Debug|Any CPU
		{CE855400-FA93-475F-831C-EA35DE9B76C3}.Release|Any CPU.ActiveCfg = Release|Any CPU
		{CE855400-FA93-475F-831C-EA35DE9B76C3}.Release|Any CPU.Build.0 = Release|Any CPU
		{3DF7DBBF-6757-C96E-D6EC-3928332DA9E0}.Debug|Any CPU.ActiveCfg = Debug|Any CPU
		{3DF7DBBF-6757-C96E-D6EC-3928332DA9E0}.Debug|Any CPU.Build.0 = Debug|Any CPU
		{3DF7DBBF-6757-C96E-D6EC-3928332DA9E0}.Release|Any CPU.ActiveCfg = Release|Any CPU
		{3DF7DBBF-6757-C96E-D6EC-3928332DA9E0}.Release|Any CPU.Build.0 = Release|Any CPU
	EndGlobalSection
	GlobalSection(SolutionProperties) = preSolution
		HideSolutionNode = FALSE
	EndGlobalSection
	GlobalSection(ExtensibilityGlobals) = postSolution
		SolutionGuid = {921F55D1-F5DA-4974-9D9C-7E4584F2AC77}
	EndGlobalSection
EndGlobal
